Microsoft Visual Studio Solution File, Format Version 11.00
# Visual Studio 2008

Project("{9E727FDD-3AEC-8274-F466-85441900280D}") = "Project", "Assembly-CSharp-vs.csproj", "{5B9FF267-005F-A3BF-219E-FEAE2D8C894F}"
EndProject
Project("{9E727FDD-3AEC-8274-F466-85441900280D}") = "Project", "Assembly-CSharp-Editor-vs.csproj", "{6CDB4719-1D28-38FF-BF92-A07FF7EAE25F}"
EndProject
Global
	GlobalSection(SolutionConfigurationPlatforms) = preSolution
		Debug|Any CPU = Debug|Any CPU
		Release|Any CPU = Release|Any CPU
	EndGlobalSection
	GlobalSection(ProjectConfigurationPlatforms) = postSolution
		{5B9FF267-005F-A3BF-219E-FEAE2D8C894F}.Debug|Any CPU.ActiveCfg = Debug|Any CPU
		{5B9FF267-005F-A3BF-219E-FEAE2D8C894F}.Debug|Any CPU.Build.0 = Debug|Any CPU
		{5B9FF267-005F-A3BF-219E-FEAE2D8C894F}.Release|Any CPU.ActiveCfg = Release|Any CPU
		{5B9FF267-005F-A3BF-219E-FEAE2D8C894F}.Release|Any CPU.Build.0 = Release|Any CPU
		{6CDB4719-1D28-38FF-BF92-A07FF7EAE25F}.Debug|Any CPU.ActiveCfg = Debug|Any CPU
		{6CDB4719-1D28-38FF-BF92-A07FF7EAE25F}.Debug|Any CPU.Build.0 = Debug|Any CPU
		{6CDB4719-1D28-38FF-BF92-A07FF7EAE25F}.Release|Any CPU.ActiveCfg = Release|Any CPU
		{6CDB4719-1D28-38FF-BF92-A07FF7EAE25F}.Release|Any CPU.Build.0 = Release|Any CPU
	EndGlobalSection
	GlobalSection(SolutionProperties) = preSolution
		HideSolutionNode = FALSE
	EndGlobalSection
<<<<<<< HEAD
																																																																																																																																																				GlobalSection(MonoDevelopProperties) = preSolution
=======
																																																																										GlobalSection(MonoDevelopProperties) = preSolution
=======
																																																																														GlobalSection(MonoDevelopProperties) = preSolution
>>>>>>> 7ef90c68394edfddd13eacc2a2bbf28524afe9a5
=======
																																																																																			GlobalSection(MonoDevelopProperties) = preSolution
>>>>>>> b127c43f160e7233e9ec216d31201f280d22af49
=======
																																																																																																							GlobalSection(MonoDevelopProperties) = preSolution
=======
																																																																																																																			GlobalSection(MonoDevelopProperties) = preSolution
<<<<<<< HEAD
>>>>>>> eb7c9f8fa29565d7b652a7bf39c7cbaee8790252
=======
=======
																																																																																																																											GlobalSection(MonoDevelopProperties) = preSolution
>>>>>>> bfcb30f3a5996acacda85ce4a4c41a549fde0349
<<<<<<< HEAD
>>>>>>> 7ef90c68394edfddd13eacc2a2bbf28524afe9a5
=======
>>>>>>> b127c43f160e7233e9ec216d31201f280d22af49
=======
																																																																																																														GlobalSection(MonoDevelopProperties) = preSolution
>>>>>>> 4e64d09facec0dae5db5efff0b6c77442fee70e7
>>>>>>> 08e43510a89f49ee08143285e759afafa473208b
=======
																																																																			GlobalSection(MonoDevelopProperties) = preSolution
>>>>>>> 94e147845d4929a15b80feda8c2cd1c091acd1ba
=======
<<<<<<< HEAD
																																																																																															GlobalSection(MonoDevelopProperties) = preSolution
>>>>>>> f30a2fd47637e6e36884676cb937ffba1fdbe483
=======
																																																																																														GlobalSection(MonoDevelopProperties) = preSolution
>>>>>>> 5c1494c414b05b0c57a449fec9386301a03444e1
=======
<<<<<<< HEAD
																																																														GlobalSection(MonoDevelopProperties) = preSolution
=======
																																																																GlobalSection(MonoDevelopProperties) = preSolution
>>>>>>> 202d7d98c5ee86bedb8d66e6f692a122e2f7ea89
<<<<<<< HEAD
=======
																																																																	GlobalSection(MonoDevelopProperties) = preSolution
>>>>>>> 4bfc36ca1ab523a98ad8fd466fad3eb605065641
=======
>>>>>>> 8fb519a732b4731b5169bafa6011073e3d07588e
>>>>>>> f30a2fd47637e6e36884676cb937ffba1fdbe483
=======
																																																											GlobalSection(MonoDevelopProperties) = preSolution
>>>>>>> f6afb38db369f26dc1729fb76c928ccd3bf84ce7
>>>>>>> 737fcf7974332dd3b78d7e8b9572c6f9f9f39ce9
=======
																																																				GlobalSection(MonoDevelopProperties) = preSolution
>>>>>>> fa932abd964a9a5d7516641e09f51b7ef4980cc5
=======
																																														GlobalSection(MonoDevelopProperties) = preSolution
>>>>>>> 0926dca0c6fd1376a7cf64c94acbe3d7261fdaa7
=======
																	GlobalSection(MonoDevelopProperties) = preSolution
=======
<<<<<<< HEAD
																										GlobalSection(MonoDevelopProperties) = preSolution
=======
																												GlobalSection(MonoDevelopProperties) = preSolution
>>>>>>> ba8d97fd603472279cbab49501e22f3764200364
>>>>>>> 1aa97d89a6d3bb1e1a8cc6ac1547b2c909446680
=======
											GlobalSection(MonoDevelopProperties) = preSolution
>>>>>>> bffd77de99ddabc01123007c924d68a7f76ce2e4
>>>>>>> f1a6e48dd348b64b174602b18366d7569167823a
		StartupItem = Assembly-CSharp.csproj
		Policies = $0
		$0.TextStylePolicy = $1
		$1.inheritsSet = null
		$1.scope = text/x-csharp
		$0.CSharpFormattingPolicy = $2
		$2.inheritsSet = Mono
		$2.inheritsScope = text/x-csharp
		$2.scope = text/x-csharp
		$0.TextStylePolicy = $3
		$3.FileWidth = 120
		$3.TabWidth = 4
		$3.EolMarker = Unix
		$3.inheritsSet = Mono
		$3.inheritsScope = text/plain
		$3.scope = text/plain
	EndGlobalSection

EndGlobal
